
Microsoft Visual Studio Solution File, Format Version 12.00
# Visual Studio Version 17
VisualStudioVersion = 17.7.34009.444
MinimumVisualStudioVersion = 10.0.40219.1
Project("{FAE04EC0-301F-11D3-BF4B-00C04F79EFBC}") = "AdventOfCode", "AdventOfCode\AdventOfCode.csproj", "{EF737A03-70B7-432E-AADF-5C66EAFBF244}"
EndProject
Global
	GlobalSection(SolutionConfigurationPlatforms) = preSolution
		Debug|Any CPU = Debug|Any CPU
		Release|Any CPU = Release|Any CPU
	EndGlobalSection
	GlobalSection(ProjectConfigurationPlatforms) = postSolution
		{EF737A03-70B7-432E-AADF-5C66EAFBF244}.Debug|Any CPU.ActiveCfg = Debug|Any CPU
		{EF737A03-70B7-432E-AADF-5C66EAFBF244}.Debug|Any CPU.Build.0 = Debug|Any CPU
		{EF737A03-70B7-432E-AADF-5C66EAFBF244}.Release|Any CPU.ActiveCfg = Release|Any CPU
		{EF737A03-70B7-432E-AADF-5C66EAFBF244}.Release|Any CPU.Build.0 = Release|Any CPU
	EndGlobalSection
	GlobalSection(SolutionProperties) = preSolution
		HideSolutionNode = FALSE
	EndGlobalSection
	GlobalSection(ExtensibilityGlobals) = postSolution
		SolutionGuid = {A5E4AEAB-8049-4B2B-98D8-D6B4C8C5259F}
	EndGlobalSection
EndGlobal
